
Microsoft Visual Studio Solution File, Format Version 12.00
# Visual Studio for Mac
Project("{FAE04EC0-301F-11D3-BF4B-00C04F79EFBC}") = "VuforiaScripts", "VuforiaScripts.csproj", "{99A2E968-33F0-0FCB-A145-3C4FCCE4AB5F}"
EndProject
Project("{FAE04EC0-301F-11D3-BF4B-00C04F79EFBC}") = "VuforiaEditorScripts", "VuforiaEditorScripts.csproj", "{81D8ADD8-06A0-1133-DB02-721772007B2A}"
EndProject
Global
	GlobalSection(SolutionConfigurationPlatforms) = preSolution
		Debug|Any CPU = Debug|Any CPU
		Release|Any CPU = Release|Any CPU
	EndGlobalSection
	GlobalSection(ProjectConfigurationPlatforms) = postSolution
		{99A2E968-33F0-0FCB-A145-3C4FCCE4AB5F}.Debug|Any CPU.ActiveCfg = Debug|Any CPU
		{99A2E968-33F0-0FCB-A145-3C4FCCE4AB5F}.Debug|Any CPU.Build.0 = Debug|Any CPU
		{99A2E968-33F0-0FCB-A145-3C4FCCE4AB5F}.Release|Any CPU.ActiveCfg = Release|Any CPU
		{99A2E968-33F0-0FCB-A145-3C4FCCE4AB5F}.Release|Any CPU.Build.0 = Release|Any CPU
		{81D8ADD8-06A0-1133-DB02-721772007B2A}.Debug|Any CPU.ActiveCfg = Debug|Any CPU
		{81D8ADD8-06A0-1133-DB02-721772007B2A}.Debug|Any CPU.Build.0 = Debug|Any CPU
		{81D8ADD8-06A0-1133-DB02-721772007B2A}.Release|Any CPU.ActiveCfg = Release|Any CPU
		{81D8ADD8-06A0-1133-DB02-721772007B2A}.Release|Any CPU.Build.0 = Release|Any CPU
	EndGlobalSection
	GlobalSection(SolutionProperties) = preSolution
		HideSolutionNode = FALSE
	EndGlobalSection
	GlobalSection(MonoDevelopProperties) = preSolution
		StartupItem = Assembly-CSharp.csproj
	EndGlobalSection
EndGlobal
